
Microsoft Visual Studio Solution File, Format Version 12.00
# Visual Studio 15
VisualStudioVersion = 15.0.27130.2036
MinimumVisualStudioVersion = 10.0.40219.1
Project("{FAE04EC0-301F-11D3-BF4B-00C04F79EFBC}") = "AlbumApplication", "AlbumApplication\AlbumApplication.csproj", "{3FF021E1-1B24-48CD-B70A-2A801EC41FB4}"
EndProject
Global
	GlobalSection(SolutionConfigurationPlatforms) = preSolution
		Debug|Any CPU = Debug|Any CPU
		Release|Any CPU = Release|Any CPU
	EndGlobalSection
	GlobalSection(ProjectConfigurationPlatforms) = postSolution
		{3FF021E1-1B24-48CD-B70A-2A801EC41FB4}.Debug|Any CPU.ActiveCfg = Debug|Any CPU
		{3FF021E1-1B24-48CD-B70A-2A801EC41FB4}.Debug|Any CPU.Build.0 = Debug|Any CPU
		{3FF021E1-1B24-48CD-B70A-2A801EC41FB4}.Release|Any CPU.ActiveCfg = Release|Any CPU
		{3FF021E1-1B24-48CD-B70A-2A801EC41FB4}.Release|Any CPU.Build.0 = Release|Any CPU
	EndGlobalSection
	GlobalSection(SolutionProperties) = preSolution
		HideSolutionNode = FALSE
	EndGlobalSection
	GlobalSection(ExtensibilityGlobals) = postSolution
		SolutionGuid = {F1A7BC60-5BF5-4D53-9843-0E1BA0553BD2}
	EndGlobalSection
EndGlobal
